// !$*UTF8*$!
{
	archiveVersion = 1;
	classes = {
	};
	objectVersion = 46;
	objects = {

/* Begin PBXBuildFile section */
		ECB35BFD1E4B86F20070E0E7 /* AppDelegate.swift in Sources */ = {isa = PBXBuildFile; fileRef = ECB35BFC1E4B86F20070E0E7 /* AppDelegate.swift */; };
		ECB35BFF1E4B86F20070E0E7 /* ViewController.swift in Sources */ = {isa = PBXBuildFile; fileRef = ECB35BFE1E4B86F20070E0E7 /* ViewController.swift */; };
		ECB35C021E4B86F20070E0E7 /* Main.storyboard in Resources */ = {isa = PBXBuildFile; fileRef = ECB35C001E4B86F20070E0E7 /* Main.storyboard */; };
		ECB35C041E4B86F20070E0E7 /* Assets.xcassets in Resources */ = {isa = PBXBuildFile; fileRef = ECB35C031E4B86F20070E0E7 /* Assets.xcassets */; };
		ECB35C071E4B86F20070E0E7 /* LaunchScreen.storyboard in Resources */ = {isa = PBXBuildFile; fileRef = ECB35C051E4B86F20070E0E7 /* LaunchScreen.storyboard */; };
/* End PBXBuildFile section */

/* Begin PBXFileReference section */
		ECB35BF91E4B86F20070E0E7 /* instamemory.app */ = {isa = PBXFileReference; explicitFileType = wrapper.application; includeInIndex = 0; path = instamemory.app; sourceTree = BUILT_PRODUCTS_DIR; };
		ECB35BFC1E4B86F20070E0E7 /* AppDelegate.swift */ = {isa = PBXFileReference; lastKnownFileType = sourcecode.swift; path = AppDelegate.swift; sourceTree = "<group>"; };
		ECB35BFE1E4B86F20070E0E7 /* ViewController.swift */ = {isa = PBXFileReference; lastKnownFileType = sourcecode.swift; path = ViewController.swift; sourceTree = "<group>"; };
		ECB35C011E4B86F20070E0E7 /* Base */ = {isa = PBXFileReference; lastKnownFileType = file.storyboard; name = Base; path = Base.lproj/Main.storyboard; sourceTree = "<group>"; };
		ECB35C031E4B86F20070E0E7 /* Assets.xcassets */ = {isa = PBXFileReference; lastKnownFileType = folder.assetcatalog; path = Assets.xcassets; sourceTree = "<group>"; };
		ECB35C061E4B86F20070E0E7 /* Base */ = {isa = PBXFileReference; lastKnownFileType = file.storyboard; name = Base; path = Base.lproj/LaunchScreen.storyboard; sourceTree = "<group>"; };
		ECB35C081E4B86F20070E0E7 /* Info.plist */ = {isa = PBXFileReference; lastKnownFileType = text.plist.xml; path = Info.plist; sourceTree = "<group>"; };
/* End PBXFileReference section */

/* Begin PBXFrameworksBuildPhase section */
		ECB35BF61E4B86F20070E0E7 /* Frameworks */ = {
			isa = PBXFrameworksBuildPhase;
			buildActionMask = 2147483647;
			files = (
			);
			runOnlyForDeploymentPostprocessing = 0;
		};
/* End PBXFrameworksBuildPhase section */

/* Begin PBXGroup section */
		ECB35BF01E4B86F20070E0E7 = {
			isa = PBXGroup;
			children = (
				ECB35BFB1E4B86F20070E0E7 /* instamemory */,
				ECB35BFA1E4B86F20070E0E7 /* Products */,
			);
			sourceTree = "<group>";
		};
		ECB35BFA1E4B86F20070E0E7 /* Products */ = {
			isa = PBXGroup;
			children = (
				ECB35BF91E4B86F20070E0E7 /* instamemory.app */,
			);
			name = Products;
			sourceTree = "<group>";
		};
		ECB35BFB1E4B86F20070E0E7 /* instamemory */ = {
			isa = PBXGroup;
			children = (
				ECB35BFC1E4B86F20070E0E7 /* AppDelegate.swift */,
				ECB35BFE1E4B86F20070E0E7 /* ViewController.swift */,
				ECB35C001E4B86F20070E0E7 /* Main.storyboard */,
				ECB35C031E4B86F20070E0E7 /* Assets.xcassets */,
				ECB35C051E4B86F20070E0E7 /* LaunchScreen.storyboard */,
				ECB35C081E4B86F20070E0E7 /* Info.plist */,
			);
			path = instamemory;
			sourceTree = "<group>";
		};
/* End PBXGroup section */

/* Begin PBXNativeTarget section */
		ECB35BF81E4B86F20070E0E7 /* instamemory */ = {
			isa = PBXNativeTarget;
			buildConfigurationList = ECB35C0B1E4B86F20070E0E7 /* Build configuration list for PBXNativeTarget "instamemory" */;
			buildPhases = (
				ECB35BF51E4B86F20070E0E7 /* Sources */,
				ECB35BF61E4B86F20070E0E7 /* Frameworks */,
				ECB35BF71E4B86F20070E0E7 /* Resources */,
			);
			buildRules = (
			);
			dependencies = (
			);
			name = instamemory;
			productName = instamemory;
			productReference = ECB35BF91E4B86F20070E0E7 /* instamemory.app */;
			productType = "com.apple.product-type.application";
		};
/* End PBXNativeTarget section */

/* Begin PBXProject section */
		ECB35BF11E4B86F20070E0E7 /* Project object */ = {
			isa = PBXProject;
			attributes = {
				LastSwiftUpdateCheck = 0820;
				LastUpgradeCheck = 0820;
				ORGANIZATIONNAME = "Marilia Bognandi";
				TargetAttributes = {
					ECB35BF81E4B86F20070E0E7 = {
						CreatedOnToolsVersion = 8.2.1;
						ProvisioningStyle = Automatic;
					};
				};
			};
			buildConfigurationList = ECB35BF41E4B86F20070E0E7 /* Build configuration list for PBXProject "instamemory" */;
			compatibilityVersion = "Xcode 3.2";
			developmentRegion = English;
			hasScannedForEncodings = 0;
			knownRegions = (
				en,
				Base,
			);
			mainGroup = ECB35BF01E4B86F20070E0E7;
			productRefGroup = ECB35BFA1E4B86F20070E0E7 /* Products */;
			projectDirPath = "";
			projectRoot = "";
			targets = (
				ECB35BF81E4B86F20070E0E7 /* instamemory */,
			);
		};
/* End PBXProject section */

/* Begin PBXResourcesBuildPhase section */
		ECB35BF71E4B86F20070E0E7 /* Resources */ = {
			isa = PBXResourcesBuildPhase;
			buildActionMask = 2147483647;
			files = (
				ECB35C071E4B86F20070E0E7 /* LaunchScreen.storyboard in Resources */,
				ECB35C041E4B86F20070E0E7 /* Assets.xcassets in Resources */,
				ECB35C021E4B86F20070E0E7 /* Main.storyboard in Resources */,
			);
			runOnlyForDeploymentPostprocessing = 0;
		};
/* End PBXResourcesBuildPhase section */

/* Begin PBXSourcesBuildPhase section */
		ECB35BF51E4B86F20070E0E7 /* Sources */ = {
			isa = PBXSourcesBuildPhase;
			buildActionMask = 2147483647;
			files = (
				ECB35BFF1E4B86F20070E0E7 /* ViewController.swift in Sources */,
				ECB35BFD1E4B86F20070E0E7 /* AppDelegate.swift in Sources */,
			);
			runOnlyForDeploymentPostprocessing = 0;
		};
/* End PBXSourcesBuildPhase section */

/* Begin PBXVariantGroup section */
		ECB35C001E4B86F20070E0E7 /* Main.storyboard */ = {
			isa = PBXVariantGroup;
			children = (
				ECB35C011E4B86F20070E0E7 /* Base */,
			);
			name = Main.storyboard;
			sourceTree = "<group>";
		};
		ECB35C051E4B86F20070E0E7 /* LaunchScreen.storyboard */ = {
			isa = PBXVariantGroup;
			children = (
				ECB35C061E4B86F20070E0E7 /* Base */,
			);
			name = LaunchScreen.storyboard;
			sourceTree = "<group>";
		};
/* End PBXVariantGroup section */

/* Begin XCBuildConfiguration section */
		ECB35C091E4B86F20070E0E7 /* Debug */ = {
			isa = XCBuildConfiguration;
			buildSettings = {
				ALWAYS_SEARCH_USER_PATHS = NO;
				CLANG_ANALYZER_NONNULL = YES;
				CLANG_CXX_LANGUAGE_STANDARD = "gnu++0x";
				CLANG_CXX_LIBRARY = "libc++";
				CLANG_ENABLE_MODULES = YES;
				CLANG_ENABLE_OBJC_ARC = YES;
				CLANG_WARN_BOOL_CONVERSION = YES;
				CLANG_WARN_CONSTANT_CONVERSION = YES;
				CLANG_WARN_DIRECT_OBJC_ISA_USAGE = YES_ERROR;
				CLANG_WARN_DOCUMENTATION_COMMENTS = YES;
				CLANG_WARN_EMPTY_BODY = YES;
				CLANG_WARN_ENUM_CONVERSION = YES;
				CLANG_WARN_INFINITE_RECURSION = YES;
				CLANG_WARN_INT_CONVERSION = YES;
				CLANG_WARN_OBJC_ROOT_CLASS = YES_ERROR;
				CLANG_WARN_SUSPICIOUS_MOVE = YES;
				CLANG_WARN_UNREACHABLE_CODE = YES;
				CLANG_WARN__DUPLICATE_METHOD_MATCH = YES;
				"CODE_SIGN_IDENTITY[sdk=iphoneos*]" = "iPhone Developer";
				COPY_PHASE_STRIP = NO;
				DEBUG_INFORMATION_FORMAT = dwarf;
				ENABLE_STRICT_OBJC_MSGSEND = YES;
				ENABLE_TESTABILITY = YES;
				GCC_C_LANGUAGE_STANDARD = gnu99;
				GCC_DYNAMIC_NO_PIC = NO;
				GCC_NO_COMMON_BLOCKS = YES;
				GCC_OPTIMIZATION_LEVEL = 0;
				GCC_PREPROCESSOR_DEFINITIONS = (
					"DEBUG=1",
					"$(inherited)",
				);
				GCC_WARN_64_TO_32_BIT_CONVERSION = YES;
				GCC_WARN_ABOUT_RETURN_TYPE = YES_ERROR;
				GCC_WARN_UNDECLARED_SELECTOR = YES;
				GCC_WARN_UNINITIALIZED_AUTOS = YES_AGGRESSIVE;
				GCC_WARN_UNUSED_FUNCTION = YES;
				GCC_WARN_UNUSED_VARIABLE = YES;
				IPHONEOS_DEPLOYMENT_TARGET = 10.2;
				MTL_ENABLE_DEBUG_INFO = YES;
				ONLY_ACTIVE_ARCH = YES;
				SDKROOT = iphoneos;
				SWIFT_ACTIVE_COMPILATION_CONDITIONS = DEBUG;
				SWIFT_OPTIMIZATION_LEVEL = "-Onone";
			};
			name = Debug;
		};
		ECB35C0A1E4B86F20070E0E7 /* Release */ = {
			isa = XCBuildConfiguration;
			buildSettings = {
				ALWAYS_SEARCH_USER_PATHS = NO;
				CLANG_ANALYZER_NONNULL = YES;
				CLANG_CXX_LANGUAGE_STANDARD = "gnu++0x";
				CLANG_CXX_LIBRARY = "libc++";
				CLANG_ENABLE_MODULES = YES;
				CLANG_ENABLE_OBJC_ARC = YES;
				CLANG_WARN_BOOL_CONVERSION = YES;
				CLANG_WARN_CONSTANT_CONVERSION = YES;
				CLANG_WARN_DIRECT_OBJC_ISA_USAGE = YES_ERROR;
				CLANG_WARN_DOCUMENTATION_COMMENTS = YES;
				CLANG_WARN_EMPTY_BODY = YES;
				CLANG_WARN_ENUM_CONVERSION = YES;
				CLANG_WARN_INFINITE_RECURSION = YES;
				CLANG_WARN_INT_CONVERSION = YES;
				CLANG_WARN_OBJC_ROOT_CLASS = YES_ERROR;
				CLANG_WARN_SUSPICIOUS_MOVE = YES;
				CLANG_WARN_UNREACHABLE_CODE = YES;
				CLANG_WARN__DUPLICATE_METHOD_MATCH = YES;
				"CODE_SIGN_IDENTITY[sdk=iphoneos*]" = "iPhone Developer";
				COPY_PHASE_STRIP = NO;
				DEBUG_INFORMATION_FORMAT = "dwarf-with-dsym";
				ENABLE_NS_ASSERTIONS = NO;
				ENABLE_STRICT_OBJC_MSGSEND = YES;
				GCC_C_LANGUAGE_STANDARD = gnu99;
				GCC_NO_COMMON_BLOCKS = YES;
				GCC_WARN_64_TO_32_BIT_CONVERSION = YES;
				GCC_WARN_ABOUT_RETURN_TYPE = YES_ERROR;
				GCC_WARN_UNDECLARED_SELECTOR = YES;
				GCC_WARN_UNINITIALIZED_AUTOS = YES_AGGRESSIVE;
				GCC_WARN_UNUSED_FUNCTION = YES;
				GCC_WARN_UNUSED_VARIABLE = YES;
				IPHONEOS_DEPLOYMENT_TARGET = 10.2;
				MTL_ENABLE_DEBUG_INFO = NO;
				SDKROOT = iphoneos;
				SWIFT_OPTIMIZATION_LEVEL = "-Owholemodule";
				VALIDATE_PRODUCT = YES;
			};
			name = Release;
		};
		ECB35C0C1E4B86F20070E0E7 /* Debug */ = {
			isa = XCBuildConfiguration;
			buildSettings = {
				ASSETCATALOG_COMPILER_APPICON_NAME = AppIcon;
				INFOPLIST_FILE = instamemory/Info.plist;
				LD_RUNPATH_SEARCH_PATHS = "$(inherited) @executable_path/Frameworks";
				PRODUCT_BUNDLE_IDENTIFIER = com.mariliabognandi.instamemory;
				PRODUCT_NAME = "$(TARGET_NAME)";
				SWIFT_VERSION = 3.0;
			};
			name = Debug;
		};
		ECB35C0D1E4B86F20070E0E7 /* Release */ = {
			isa = XCBuildConfiguration;
			buildSettings = {
				ASSETCATALOG_COMPILER_APPICON_NAME = AppIcon;
				INFOPLIST_FILE = instamemory/Info.plist;
				LD_RUNPATH_SEARCH_PATHS = "$(inherited) @executable_path/Frameworks";
				PRODUCT_BUNDLE_IDENTIFIER = com.mariliabognandi.instamemory;
				PRODUCT_NAME = "$(TARGET_NAME)";
				SWIFT_VERSION = 3.0;
			};
			name = Release;
		};
/* End XCBuildConfiguration section */

/* Begin XCConfigurationList section */
		ECB35BF41E4B86F20070E0E7 /* Build configuration list for PBXProject "instamemory" */ = {
			isa = XCConfigurationList;
			buildConfigurations = (
				ECB35C091E4B86F20070E0E7 /* Debug */,
				ECB35C0A1E4B86F20070E0E7 /* Release */,
			);
			defaultConfigurationIsVisible = 0;
			defaultConfigurationName = Release;
		};
		ECB35C0B1E4B86F20070E0E7 /* Build configuration list for PBXNativeTarget "instamemory" */ = {
			isa = XCConfigurationList;
			buildConfigurations = (
				ECB35C0C1E4B86F20070E0E7 /* Debug */,
				ECB35C0D1E4B86F20070E0E7 /* Release */,
			);
			defaultConfigurationIsVisible = 0;
		};
/* End XCConfigurationList section */
	};
	rootObject = ECB35BF11E4B86F20070E0E7 /* Project object */;
}
